// !$*UTF8*$!
{
	archiveVersion = 1;
	classes = {
	};
	objectVersion = 46;
	objects = {

/* Begin PBXBuildFile section */
		A5B8AF3B1B03BE8B006DB4DC /* main.m in Sources */ = {isa = PBXBuildFile; fileRef = A5B8AF3A1B03BE8B006DB4DC /* main.m */; };
		A5B8AF3E1B03BE8B006DB4DC /* AppDelegate.m in Sources */ = {isa = PBXBuildFile; fileRef = A5B8AF3D1B03BE8B006DB4DC /* AppDelegate.m */; };
		A5B8AF411B03BE8B006DB4DC /* MozziesGame.xcdatamodeld in Sources */ = {isa = PBXBuildFile; fileRef = A5B8AF3F1B03BE8B006DB4DC /* MozziesGame.xcdatamodeld */; };
		A5B8AF441B03BE8B006DB4DC /* ViewController.m in Sources */ = {isa = PBXBuildFile; fileRef = A5B8AF431B03BE8B006DB4DC /* ViewController.m */; };
		A5B8AF491B03BE8B006DB4DC /* Images.xcassets in Resources */ = {isa = PBXBuildFile; fileRef = A5B8AF481B03BE8B006DB4DC /* Images.xcassets */; };
		A5B8AF4C1B03BE8B006DB4DC /* LaunchScreen.xib in Resources */ = {isa = PBXBuildFile; fileRef = A5B8AF4A1B03BE8B006DB4DC /* LaunchScreen.xib */; };
		A5B8AF581B03BE8B006DB4DC /* MozziesGameTests.m in Sources */ = {isa = PBXBuildFile; fileRef = A5B8AF571B03BE8B006DB4DC /* MozziesGameTests.m */; };
/* End PBXBuildFile section */

/* Begin PBXContainerItemProxy section */
		A5B8AF521B03BE8B006DB4DC /* PBXContainerItemProxy */ = {
			isa = PBXContainerItemProxy;
			containerPortal = A5B8AF2D1B03BE8B006DB4DC /* Project object */;
			proxyType = 1;
			remoteGlobalIDString = A5B8AF341B03BE8B006DB4DC;
			remoteInfo = MozziesGame;
		};
/* End PBXContainerItemProxy section */

/* Begin PBXFileReference section */
		A5B8AF351B03BE8B006DB4DC /* MozziesGame.app */ = {isa = PBXFileReference; explicitFileType = wrapper.application; includeInIndex = 0; path = MozziesGame.app; sourceTree = BUILT_PRODUCTS_DIR; };
		A5B8AF391B03BE8B006DB4DC /* Info.plist */ = {isa = PBXFileReference; lastKnownFileType = text.plist.xml; path = Info.plist; sourceTree = "<group>"; };
		A5B8AF3A1B03BE8B006DB4DC /* main.m */ = {isa = PBXFileReference; lastKnownFileType = sourcecode.c.objc; path = main.m; sourceTree = "<group>"; };
		A5B8AF3C1B03BE8B006DB4DC /* AppDelegate.h */ = {isa = PBXFileReference; lastKnownFileType = sourcecode.c.h; path = AppDelegate.h; sourceTree = "<group>"; };
		A5B8AF3D1B03BE8B006DB4DC /* AppDelegate.m */ = {isa = PBXFileReference; lastKnownFileType = sourcecode.c.objc; path = AppDelegate.m; sourceTree = "<group>"; };
		A5B8AF401B03BE8B006DB4DC /* MozziesGame.xcdatamodel */ = {isa = PBXFileReference; lastKnownFileType = wrapper.xcdatamodel; path = MozziesGame.xcdatamodel; sourceTree = "<group>"; };
		A5B8AF421B03BE8B006DB4DC /* ViewController.h */ = {isa = PBXFileReference; lastKnownFileType = sourcecode.c.h; path = ViewController.h; sourceTree = "<group>"; };
		A5B8AF431B03BE8B006DB4DC /* ViewController.m */ = {isa = PBXFileReference; lastKnownFileType = sourcecode.c.objc; path = ViewController.m; sourceTree = "<group>"; };
		A5B8AF481B03BE8B006DB4DC /* Images.xcassets */ = {isa = PBXFileReference; lastKnownFileType = folder.assetcatalog; path = Images.xcassets; sourceTree = "<group>"; };
		A5B8AF4B1B03BE8B006DB4DC /* Base */ = {isa = PBXFileReference; lastKnownFileType = file.xib; name = Base; path = Base.lproj/LaunchScreen.xib; sourceTree = "<group>"; };
		A5B8AF511B03BE8B006DB4DC /* MozziesGameTests.xctest */ = {isa = PBXFileReference; explicitFileType = wrapper.cfbundle; includeInIndex = 0; path = MozziesGameTests.xctest; sourceTree = BUILT_PRODUCTS_DIR; };
		A5B8AF561B03BE8B006DB4DC /* Info.plist */ = {isa = PBXFileReference; lastKnownFileType = text.plist.xml; path = Info.plist; sourceTree = "<group>"; };
		A5B8AF571B03BE8B006DB4DC /* MozziesGameTests.m */ = {isa = PBXFileReference; lastKnownFileType = sourcecode.c.objc; path = MozziesGameTests.m; sourceTree = "<group>"; };
/* End PBXFileReference section */

/* Begin PBXFrameworksBuildPhase section */
		A5B8AF321B03BE8B006DB4DC /* Frameworks */ = {
			isa = PBXFrameworksBuildPhase;
			buildActionMask = 2147483647;
			files = (
			);
			runOnlyForDeploymentPostprocessing = 0;
		};
		A5B8AF4E1B03BE8B006DB4DC /* Frameworks */ = {
			isa = PBXFrameworksBuildPhase;
			buildActionMask = 2147483647;
			files = (
			);
			runOnlyForDeploymentPostprocessing = 0;
		};
/* End PBXFrameworksBuildPhase section */

/* Begin PBXGroup section */
		A5B8AF2C1B03BE8B006DB4DC = {
			isa = PBXGroup;
			children = (
				A5B8AF371B03BE8B006DB4DC /* MozziesGame */,
				A5B8AF541B03BE8B006DB4DC /* MozziesGameTests */,
				A5B8AF361B03BE8B006DB4DC /* Products */,
			);
			sourceTree = "<group>";
		};
		A5B8AF361B03BE8B006DB4DC /* Products */ = {
			isa = PBXGroup;
			children = (
				A5B8AF351B03BE8B006DB4DC /* MozziesGame.app */,
				A5B8AF511B03BE8B006DB4DC /* MozziesGameTests.xctest */,
			);
			name = Products;
			sourceTree = "<group>";
		};
		A5B8AF371B03BE8B006DB4DC /* MozziesGame */ = {
			isa = PBXGroup;
			children = (
				A5B8AF3C1B03BE8B006DB4DC /* AppDelegate.h */,
				A5B8AF3D1B03BE8B006DB4DC /* AppDelegate.m */,
				A5B8AF421B03BE8B006DB4DC /* ViewController.h */,
				A5B8AF431B03BE8B006DB4DC /* ViewController.m */,
				A5B8AF481B03BE8B006DB4DC /* Images.xcassets */,
				A5B8AF4A1B03BE8B006DB4DC /* LaunchScreen.xib */,
				A5B8AF3F1B03BE8B006DB4DC /* MozziesGame.xcdatamodeld */,
				A5B8AF381B03BE8B006DB4DC /* Supporting Files */,
			);
			path = MozziesGame;
			sourceTree = "<group>";
		};
		A5B8AF381B03BE8B006DB4DC /* Supporting Files */ = {
			isa = PBXGroup;
			children = (
				A5B8AF391B03BE8B006DB4DC /* Info.plist */,
				A5B8AF3A1B03BE8B006DB4DC /* main.m */,
			);
			name = "Supporting Files";
			sourceTree = "<group>";
		};
		A5B8AF541B03BE8B006DB4DC /* MozziesGameTests */ = {
			isa = PBXGroup;
			children = (
				A5B8AF571B03BE8B006DB4DC /* MozziesGameTests.m */,
				A5B8AF551B03BE8B006DB4DC /* Supporting Files */,
			);
			path = MozziesGameTests;
			sourceTree = "<group>";
		};
		A5B8AF551B03BE8B006DB4DC /* Supporting Files */ = {
			isa = PBXGroup;
			children = (
				A5B8AF561B03BE8B006DB4DC /* Info.plist */,
			);
			name = "Supporting Files";
			sourceTree = "<group>";
		};
/* End PBXGroup section */

/* Begin PBXNativeTarget section */
		A5B8AF341B03BE8B006DB4DC /* MozziesGame */ = {
			isa = PBXNativeTarget;
			buildConfigurationList = A5B8AF5B1B03BE8B006DB4DC /* Build configuration list for PBXNativeTarget "MozziesGame" */;
			buildPhases = (
				A5B8AF311B03BE8B006DB4DC /* Sources */,
				A5B8AF321B03BE8B006DB4DC /* Frameworks */,
				A5B8AF331B03BE8B006DB4DC /* Resources */,
			);
			buildRules = (
			);
			dependencies = (
			);
			name = MozziesGame;
			productName = MozziesGame;
			productReference = A5B8AF351B03BE8B006DB4DC /* MozziesGame.app */;
			productType = "com.apple.product-type.application";
		};
		A5B8AF501B03BE8B006DB4DC /* MozziesGameTests */ = {
			isa = PBXNativeTarget;
			buildConfigurationList = A5B8AF5E1B03BE8B006DB4DC /* Build configuration list for PBXNativeTarget "MozziesGameTests" */;
			buildPhases = (
				A5B8AF4D1B03BE8B006DB4DC /* Sources */,
				A5B8AF4E1B03BE8B006DB4DC /* Frameworks */,
				A5B8AF4F1B03BE8B006DB4DC /* Resources */,
			);
			buildRules = (
			);
			dependencies = (
				A5B8AF531B03BE8B006DB4DC /* PBXTargetDependency */,
			);
			name = MozziesGameTests;
			productName = MozziesGameTests;
			productReference = A5B8AF511B03BE8B006DB4DC /* MozziesGameTests.xctest */;
			productType = "com.apple.product-type.bundle.unit-test";
		};
/* End PBXNativeTarget section */

/* Begin PBXProject section */
		A5B8AF2D1B03BE8B006DB4DC /* Project object */ = {
			isa = PBXProject;
			attributes = {
				LastUpgradeCheck = 0630;
				ORGANIZATIONNAME = DougsApps;
				TargetAttributes = {
					A5B8AF341B03BE8B006DB4DC = {
						CreatedOnToolsVersion = 6.3;
					};
					A5B8AF501B03BE8B006DB4DC = {
						CreatedOnToolsVersion = 6.3;
						TestTargetID = A5B8AF341B03BE8B006DB4DC;
					};
				};
			};
			buildConfigurationList = A5B8AF301B03BE8B006DB4DC /* Build configuration list for PBXProject "MozziesGame" */;
			compatibilityVersion = "Xcode 3.2";
			developmentRegion = English;
			hasScannedForEncodings = 0;
			knownRegions = (
				en,
				Base,
			);
			mainGroup = A5B8AF2C1B03BE8B006DB4DC;
			productRefGroup = A5B8AF361B03BE8B006DB4DC /* Products */;
			projectDirPath = "";
			projectRoot = "";
			targets = (
				A5B8AF341B03BE8B006DB4DC /* MozziesGame */,
				A5B8AF501B03BE8B006DB4DC /* MozziesGameTests */,
			);
		};
/* End PBXProject section */

/* Begin PBXResourcesBuildPhase section */
		A5B8AF331B03BE8B006DB4DC /* Resources */ = {
			isa = PBXResourcesBuildPhase;
			buildActionMask = 2147483647;
			files = (
				A5B8AF4C1B03BE8B006DB4DC /* LaunchScreen.xib in Resources */,
				A5B8AF491B03BE8B006DB4DC /* Images.xcassets in Resources */,
			);
			runOnlyForDeploymentPostprocessing = 0;
		};
		A5B8AF4F1B03BE8B006DB4DC /* Resources */ = {
			isa = PBXResourcesBuildPhase;
			buildActionMask = 2147483647;
			files = (
			);
			runOnlyForDeploymentPostprocessing = 0;
		};
/* End PBXResourcesBuildPhase section */

/* Begin PBXSourcesBuildPhase section */
		A5B8AF311B03BE8B006DB4DC /* Sources */ = {
			isa = PBXSourcesBuildPhase;
			buildActionMask = 2147483647;
			files = (
				A5B8AF3E1B03BE8B006DB4DC /* AppDelegate.m in Sources */,
				A5B8AF3B1B03BE8B006DB4DC /* main.m in Sources */,
				A5B8AF441B03BE8B006DB4DC /* ViewController.m in Sources */,
				A5B8AF411B03BE8B006DB4DC /* MozziesGame.xcdatamodeld in Sources */,
			);
			runOnlyForDeploymentPostprocessing = 0;
		};
		A5B8AF4D1B03BE8B006DB4DC /* Sources */ = {
			isa = PBXSourcesBuildPhase;
			buildActionMask = 2147483647;
			files = (
				A5B8AF581B03BE8B006DB4DC /* MozziesGameTests.m in Sources */,
			);
			runOnlyForDeploymentPostprocessing = 0;
		};
/* End PBXSourcesBuildPhase section */

/* Begin PBXTargetDependency section */
		A5B8AF531B03BE8B006DB4DC /* PBXTargetDependency */ = {
			isa = PBXTargetDependency;
			target = A5B8AF341B03BE8B006DB4DC /* MozziesGame */;
			targetProxy = A5B8AF521B03BE8B006DB4DC /* PBXContainerItemProxy */;
		};
/* End PBXTargetDependency section */

/* Begin PBXVariantGroup section */
		A5B8AF4A1B03BE8B006DB4DC /* LaunchScreen.xib */ = {
			isa = PBXVariantGroup;
			children = (
				A5B8AF4B1B03BE8B006DB4DC /* Base */,
			);
			name = LaunchScreen.xib;
			sourceTree = "<group>";
		};
/* End PBXVariantGroup section */

/* Begin XCBuildConfiguration section */
		A5B8AF591B03BE8B006DB4DC /* Debug */ = {
			isa = XCBuildConfiguration;
			buildSettings = {
				ALWAYS_SEARCH_USER_PATHS = NO;
				CLANG_CXX_LANGUAGE_STANDARD = "gnu++0x";
				CLANG_CXX_LIBRARY = "libc++";
				CLANG_ENABLE_MODULES = YES;
				CLANG_ENABLE_OBJC_ARC = YES;
				CLANG_WARN_BOOL_CONVERSION = YES;
				CLANG_WARN_CONSTANT_CONVERSION = YES;
				CLANG_WARN_DIRECT_OBJC_ISA_USAGE = YES_ERROR;
				CLANG_WARN_EMPTY_BODY = YES;
				CLANG_WARN_ENUM_CONVERSION = YES;
				CLANG_WARN_INT_CONVERSION = YES;
				CLANG_WARN_OBJC_ROOT_CLASS = YES_ERROR;
				CLANG_WARN_UNREACHABLE_CODE = YES;
				CLANG_WARN__DUPLICATE_METHOD_MATCH = YES;
				"CODE_SIGN_IDENTITY[sdk=iphoneos*]" = "iPhone Developer";
				COPY_PHASE_STRIP = NO;
				DEBUG_INFORMATION_FORMAT = "dwarf-with-dsym";
				ENABLE_STRICT_OBJC_MSGSEND = YES;
				GCC_C_LANGUAGE_STANDARD = gnu99;
				GCC_DYNAMIC_NO_PIC = NO;
				GCC_NO_COMMON_BLOCKS = YES;
				GCC_OPTIMIZATION_LEVEL = 0;
				GCC_PREPROCESSOR_DEFINITIONS = (
					"DEBUG=1",
					"$(inherited)",
				);
				GCC_SYMBOLS_PRIVATE_EXTERN = NO;
				GCC_WARN_64_TO_32_BIT_CONVERSION = YES;
				GCC_WARN_ABOUT_RETURN_TYPE = YES_ERROR;
				GCC_WARN_UNDECLARED_SELECTOR = YES;
				GCC_WARN_UNINITIALIZED_AUTOS = YES_AGGRESSIVE;
				GCC_WARN_UNUSED_FUNCTION = YES;
				GCC_WARN_UNUSED_VARIABLE = YES;
				IPHONEOS_DEPLOYMENT_TARGET = 8.3;
				MTL_ENABLE_DEBUG_INFO = YES;
				ONLY_ACTIVE_ARCH = YES;
				SDKROOT = iphoneos;
				TARGETED_DEVICE_FAMILY = "1,2";
			};
			name = Debug;
		};
		A5B8AF5A1B03BE8B006DB4DC /* Release */ = {
			isa = XCBuildConfiguration;
			buildSettings = {
				ALWAYS_SEARCH_USER_PATHS = NO;
				CLANG_CXX_LANGUAGE_STANDARD = "gnu++0x";
				CLANG_CXX_LIBRARY = "libc++";
				CLANG_ENABLE_MODULES = YES;
				CLANG_ENABLE_OBJC_ARC = YES;
				CLANG_WARN_BOOL_CONVERSION = YES;
				CLANG_WARN_CONSTANT_CONVERSION = YES;
				CLANG_WARN_DIRECT_OBJC_ISA_USAGE = YES_ERROR;
				CLANG_WARN_EMPTY_BODY = YES;
				CLANG_WARN_ENUM_CONVERSION = YES;
				CLANG_WARN_INT_CONVERSION = YES;
				CLANG_WARN_OBJC_ROOT_CLASS = YES_ERROR;
				CLANG_WARN_UNREACHABLE_CODE = YES;
				CLANG_WARN__DUPLICATE_METHOD_MATCH = YES;
				"CODE_SIGN_IDENTITY[sdk=iphoneos*]" = "iPhone Developer";
				COPY_PHASE_STRIP = NO;
				DEBUG_INFORMATION_FORMAT = "dwarf-with-dsym";
				ENABLE_NS_ASSERTIONS = NO;
				ENABLE_STRICT_OBJC_MSGSEND = YES;
				GCC_C_LANGUAGE_STANDARD = gnu99;
				GCC_NO_COMMON_BLOCKS = YES;
				GCC_WARN_64_TO_32_BIT_CONVERSION = YES;
				GCC_WARN_ABOUT_RETURN_TYPE = YES_ERROR;
				GCC_WARN_UNDECLARED_SELECTOR = YES;
				GCC_WARN_UNINITIALIZED_AUTOS = YES_AGGRESSIVE;
				GCC_WARN_UNUSED_FUNCTION = YES;
				GCC_WARN_UNUSED_VARIABLE = YES;
				IPHONEOS_DEPLOYMENT_TARGET = 8.3;
				MTL_ENABLE_DEBUG_INFO = NO;
				SDKROOT = iphoneos;
				TARGETED_DEVICE_FAMILY = "1,2";
				VALIDATE_PRODUCT = YES;
			};
			name = Release;
		};
		A5B8AF5C1B03BE8B006DB4DC /* Debug */ = {
			isa = XCBuildConfiguration;
			buildSettings = {
				ASSETCATALOG_COMPILER_APPICON_NAME = AppIcon;
				INFOPLIST_FILE = MozziesGame/Info.plist;
				LD_RUNPATH_SEARCH_PATHS = "$(inherited) @executable_path/Frameworks";
				PRODUCT_NAME = "$(TARGET_NAME)";
			};
			name = Debug;
		};
		A5B8AF5D1B03BE8B006DB4DC /* Release */ = {
			isa = XCBuildConfiguration;
			buildSettings = {
				ASSETCATALOG_COMPILER_APPICON_NAME = AppIcon;
				INFOPLIST_FILE = MozziesGame/Info.plist;
				LD_RUNPATH_SEARCH_PATHS = "$(inherited) @executable_path/Frameworks";
				PRODUCT_NAME = "$(TARGET_NAME)";
			};
			name = Release;
		};
		A5B8AF5F1B03BE8B006DB4DC /* Debug */ = {
			isa = XCBuildConfiguration;
			buildSettings = {
				BUNDLE_LOADER = "$(TEST_HOST)";
				FRAMEWORK_SEARCH_PATHS = (
					"$(SDKROOT)/Developer/Library/Frameworks",
					"$(inherited)",
				);
				GCC_PREPROCESSOR_DEFINITIONS = (
					"DEBUG=1",
					"$(inherited)",
				);
				INFOPLIST_FILE = MozziesGameTests/Info.plist;
				LD_RUNPATH_SEARCH_PATHS = "$(inherited) @executable_path/Frameworks @loader_path/Frameworks";
				PRODUCT_NAME = "$(TARGET_NAME)";
				TEST_HOST = "$(BUILT_PRODUCTS_DIR)/MozziesGame.app/MozziesGame";
			};
			name = Debug;
		};
		A5B8AF601B03BE8B006DB4DC /* Release */ = {
			isa = XCBuildConfiguration;
			buildSettings = {
				BUNDLE_LOADER = "$(TEST_HOST)";
				FRAMEWORK_SEARCH_PATHS = (
					"$(SDKROOT)/Developer/Library/Frameworks",
					"$(inherited)",
				);
				INFOPLIST_FILE = MozziesGameTests/Info.plist;
				LD_RUNPATH_SEARCH_PATHS = "$(inherited) @executable_path/Frameworks @loader_path/Frameworks";
				PRODUCT_NAME = "$(TARGET_NAME)";
				TEST_HOST = "$(BUILT_PRODUCTS_DIR)/MozziesGame.app/MozziesGame";
			};
			name = Release;
		};
/* End XCBuildConfiguration section */

/* Begin XCConfigurationList section */
		A5B8AF301B03BE8B006DB4DC /* Build configuration list for PBXProject "MozziesGame" */ = {
			isa = XCConfigurationList;
			buildConfigurations = (
				A5B8AF591B03BE8B006DB4DC /* Debug */,
				A5B8AF5A1B03BE8B006DB4DC /* Release */,
			);
			defaultConfigurationIsVisible = 0;
			defaultConfigurationName = Release;
		};
		A5B8AF5B1B03BE8B006DB4DC /* Build configuration list for PBXNativeTarget "MozziesGame" */ = {
			isa = XCConfigurationList;
			buildConfigurations = (
				A5B8AF5C1B03BE8B006DB4DC /* Debug */,
				A5B8AF5D1B03BE8B006DB4DC /* Release */,
			);
			defaultConfigurationIsVisible = 0;
		};
		A5B8AF5E1B03BE8B006DB4DC /* Build configuration list for PBXNativeTarget "MozziesGameTests" */ = {
			isa = XCConfigurationList;
			buildConfigurations = (
				A5B8AF5F1B03BE8B006DB4DC /* Debug */,
				A5B8AF601B03BE8B006DB4DC /* Release */,
			);
			defaultConfigurationIsVisible = 0;
		};
/* End XCConfigurationList section */

/* Begin XCVersionGroup section */
		A5B8AF3F1B03BE8B006DB4DC /* MozziesGame.xcdatamodeld */ = {
			isa = XCVersionGroup;
			children = (
				A5B8AF401B03BE8B006DB4DC /* MozziesGame.xcdatamodel */,
			);
			currentVersion = A5B8AF401B03BE8B006DB4DC /* MozziesGame.xcdatamodel */;
			path = MozziesGame.xcdatamodeld;
			sourceTree = "<group>";
			versionGroupType = wrapper.xcdatamodel;
		};
/* End XCVersionGroup section */
	};
	rootObject = A5B8AF2D1B03BE8B006DB4DC /* Project object */;
}
